
Microsoft Visual Studio Solution File, Format Version 12.00
# Visual Studio Version 17
VisualStudioVersion = 17.4.33122.133
MinimumVisualStudioVersion = 10.0.40219.1
Project("{8BC9CEB8-8B4A-11D0-8D11-00A0C91BC942}") = "Kursova Rabota", "Kursova Rabota\Kursova Rabota.vcxproj", "{CE8DAE9A-3618-47BB-9F1E-B0AA41299640}"
EndProject
Global
	GlobalSection(SolutionConfigurationPlatforms) = preSolution
		Debug|x64 = Debug|x64
		Debug|x86 = Debug|x86
		Release|x64 = Release|x64
		Release|x86 = Release|x86
	EndGlobalSection
	GlobalSection(ProjectConfigurationPlatforms) = postSolution
		{CE8DAE9A-3618-47BB-9F1E-B0AA41299640}.Debug|x64.ActiveCfg = Debug|x64
		{CE8DAE9A-3618-47BB-9F1E-B0AA41299640}.Debug|x64.Build.0 = Debug|x64
		{CE8DAE9A-3618-47BB-9F1E-B0AA41299640}.Debug|x86.ActiveCfg = Debug|Win32
		{CE8DAE9A-3618-47BB-9F1E-B0AA41299640}.Debug|x86.Build.0 = Debug|Win32
		{CE8DAE9A-3618-47BB-9F1E-B0AA41299640}.Release|x64.ActiveCfg = Release|x64
		{CE8DAE9A-3618-47BB-9F1E-B0AA41299640}.Release|x64.Build.0 = Release|x64
		{CE8DAE9A-3618-47BB-9F1E-B0AA41299640}.Release|x86.ActiveCfg = Release|Win32
		{CE8DAE9A-3618-47BB-9F1E-B0AA41299640}.Release|x86.Build.0 = Release|Win32
	EndGlobalSection
	GlobalSection(SolutionProperties) = preSolution
		HideSolutionNode = FALSE
	EndGlobalSection
	GlobalSection(ExtensibilityGlobals) = postSolution
		SolutionGuid = {EAC345C8-E551-40D6-BE0B-04B952B98463}
	EndGlobalSection
EndGlobal
