
Microsoft Visual Studio Solution File, Format Version 12.00
# Visual Studio Version 17
VisualStudioVersion = 17.4.33122.133
MinimumVisualStudioVersion = 10.0.40219.1
Project("{8BC9CEB8-8B4A-11D0-8D11-00A0C91BC942}") = "vkurs", "vkurs\vkurs.vcxproj", "{80BB11B4-2084-4A28-B873-6471154AE860}"
EndProject
Global
	GlobalSection(SolutionConfigurationPlatforms) = preSolution
		Debug|x64 = Debug|x64
		Debug|x86 = Debug|x86
		Release|x64 = Release|x64
		Release|x86 = Release|x86
	EndGlobalSection
	GlobalSection(ProjectConfigurationPlatforms) = postSolution
		{80BB11B4-2084-4A28-B873-6471154AE860}.Debug|x64.ActiveCfg = Debug|x64
		{80BB11B4-2084-4A28-B873-6471154AE860}.Debug|x64.Build.0 = Debug|x64
		{80BB11B4-2084-4A28-B873-6471154AE860}.Debug|x86.ActiveCfg = Debug|Win32
		{80BB11B4-2084-4A28-B873-6471154AE860}.Debug|x86.Build.0 = Debug|Win32
		{80BB11B4-2084-4A28-B873-6471154AE860}.Release|x64.ActiveCfg = Release|x64
		{80BB11B4-2084-4A28-B873-6471154AE860}.Release|x64.Build.0 = Release|x64
		{80BB11B4-2084-4A28-B873-6471154AE860}.Release|x86.ActiveCfg = Release|Win32
		{80BB11B4-2084-4A28-B873-6471154AE860}.Release|x86.Build.0 = Release|Win32
	EndGlobalSection
	GlobalSection(SolutionProperties) = preSolution
		HideSolutionNode = FALSE
	EndGlobalSection
	GlobalSection(ExtensibilityGlobals) = postSolution
		SolutionGuid = {37083B79-0B49-4336-8D24-4EC0B8B60149}
	EndGlobalSection
EndGlobal
